
Microsoft Visual Studio Solution File, Format Version 12.00
# Visual Studio Version 17
VisualStudioVersion = 17.14.37216.2 d17.14
MinimumVisualStudioVersion = 10.0.40219.1
Project("{FAE04EC0-301F-11D3-BF4B-00C04F79EFBC}") = "HolmiumOS", "HolmiumOS\HolmiumOS.csproj", "{F95B7556-284A-410D-8A54-147CB764CD96}"
EndProject
Global
	GlobalSection(SolutionConfigurationPlatforms) = preSolution
		Debug|Any CPU = Debug|Any CPU
		Release|Any CPU = Release|Any CPU
	EndGlobalSection
	GlobalSection(ProjectConfigurationPlatforms) = postSolution
		{F95B7556-284A-410D-8A54-147CB764CD96}.Debug|Any CPU.ActiveCfg = Debug|Any CPU
		{F95B7556-284A-410D-8A54-147CB764CD96}.Debug|Any CPU.Build.0 = Debug|Any CPU
		{F95B7556-284A-410D-8A54-147CB764CD96}.Release|Any CPU.ActiveCfg = Release|Any CPU
		{F95B7556-284A-410D-8A54-147CB764CD96}.Release|Any CPU.Build.0 = Release|Any CPU
	EndGlobalSection
	GlobalSection(SolutionProperties) = preSolution
		HideSolutionNode = FALSE
	EndGlobalSection
	GlobalSection(ExtensibilityGlobals) = postSolution
		SolutionGuid = {A7895044-45E9-47AF-AC85-77896899692A}
	EndGlobalSection
EndGlobal
